
Microsoft Visual Studio Solution File, Format Version 12.00
# Visual Studio 15
VisualStudioVersion = 15.0.27130.2026
MinimumVisualStudioVersion = 10.0.40219.1
Project("{FAE04EC0-301F-11D3-BF4B-00C04F79EFBC}") = "ASP.NETCoreWebAPiResumeDownload", "ASP.NETCoreWebAPiResumeDownload\ASP.NETCoreWebAPiResumeDownload.csproj", "{624F439F-B8E1-4EF9-BF23-4709A9DD0167}"
EndProject
Global
	GlobalSection(SolutionConfigurationPlatforms) = preSolution
		Debug|Any CPU = Debug|Any CPU
		Release|Any CPU = Release|Any CPU
	EndGlobalSection
	GlobalSection(ProjectConfigurationPlatforms) = postSolution
		{624F439F-B8E1-4EF9-BF23-4709A9DD0167}.Debug|Any CPU.ActiveCfg = Debug|Any CPU
		{624F439F-B8E1-4EF9-BF23-4709A9DD0167}.Debug|Any CPU.Build.0 = Debug|Any CPU
		{624F439F-B8E1-4EF9-BF23-4709A9DD0167}.Release|Any CPU.ActiveCfg = Release|Any CPU
		{624F439F-B8E1-4EF9-BF23-4709A9DD0167}.Release|Any CPU.Build.0 = Release|Any CPU
	EndGlobalSection
	GlobalSection(SolutionProperties) = preSolution
		HideSolutionNode = FALSE
	EndGlobalSection
	GlobalSection(ExtensibilityGlobals) = postSolution
		SolutionGuid = {15CCF30A-59E4-45A0-AB8B-BA4647E7E1FA}
	EndGlobalSection
EndGlobal
